
Microsoft Visual Studio Solution File, Format Version 12.00
# Visual Studio Version 17
VisualStudioVersion = 17.0.32014.148
MinimumVisualStudioVersion = 10.0.40219.1
Project("{2150E333-8FDC-42A3-9474-1A3956D46DE8}") = "01-Core", "01-Core", "{5DD264C1-CDCD-4C43-9343-15F98363D1D3}"
EndProject
Project("{2150E333-8FDC-42A3-9474-1A3956D46DE8}") = "02-Infrastructure", "02-Infrastructure", "{FDF2F1A6-A235-4E96-B12E-AF82F011F0E4}"
EndProject
Project("{2150E333-8FDC-42A3-9474-1A3956D46DE8}") = "03-Application", "03-Application", "{C5D8EA9C-7305-474B-8BA8-7E5C290F84BF}"
EndProject
Project("{2150E333-8FDC-42A3-9474-1A3956D46DE8}") = "04-Api", "04-Api", "{995C48D0-45A9-4305-8863-0D9F84E72D74}"
EndProject
Project("{9A19103F-16F7-4668-BE54-9A1E7A4F7556}") = "Core", "Core\Core.csproj", "{97BE3DA5-5A60-4D56-BE9E-115A34F65618}"
EndProject
Project("{9A19103F-16F7-4668-BE54-9A1E7A4F7556}") = "Api", "Api\Api.csproj", "{C8B4880D-F75A-4DEF-B49D-3FEB8D28BC34}"
EndProject
Project("{9A19103F-16F7-4668-BE54-9A1E7A4F7556}") = "Infrastructure", "Infrastructure\Infrastructure.csproj", "{D105D544-3E51-4189-AC3C-67F56D31A98A}"
EndProject
Project("{9A19103F-16F7-4668-BE54-9A1E7A4F7556}") = "Application", "Application\Application.csproj", "{9ACCFD31-3484-47A4-AAC2-70832BC7B7F0}"
EndProject
Project("{9A19103F-16F7-4668-BE54-9A1E7A4F7556}") = "Test", "Test\Test.csproj", "{DC826EE8-8E77-4C72-9961-99B63846BE8F}"
EndProject
Project("{2150E333-8FDC-42A3-9474-1A3956D46DE8}") = "Test", "Test", "{E7DECFCE-B8D6-4D75-94B1-7AE1123511EE}"
EndProject
Project("{2150E333-8FDC-42A3-9474-1A3956D46DE8}") = "Solution Items", "Solution Items", "{D479063E-2346-47B3-A2EF-9146F504EFC7}"
	ProjectSection(SolutionItems) = preProject
		.editorconfig = .editorconfig
	EndProjectSection
EndProject
Global
	GlobalSection(SolutionConfigurationPlatforms) = preSolution
		Debug|Any CPU = Debug|Any CPU
		Release|Any CPU = Release|Any CPU
	EndGlobalSection
	GlobalSection(ProjectConfigurationPlatforms) = postSolution
		{97BE3DA5-5A60-4D56-BE9E-115A34F65618}.Debug|Any CPU.ActiveCfg = Debug|Any CPU
		{97BE3DA5-5A60-4D56-BE9E-115A34F65618}.Debug|Any CPU.Build.0 = Debug|Any CPU
		{97BE3DA5-5A60-4D56-BE9E-115A34F65618}.Release|Any CPU.ActiveCfg = Release|Any CPU
		{97BE3DA5-5A60-4D56-BE9E-115A34F65618}.Release|Any CPU.Build.0 = Release|Any CPU
		{C8B4880D-F75A-4DEF-B49D-3FEB8D28BC34}.Debug|Any CPU.ActiveCfg = Debug|Any CPU
		{C8B4880D-F75A-4DEF-B49D-3FEB8D28BC34}.Debug|Any CPU.Build.0 = Debug|Any CPU
		{C8B4880D-F75A-4DEF-B49D-3FEB8D28BC34}.Release|Any CPU.ActiveCfg = Release|Any CPU
		{C8B4880D-F75A-4DEF-B49D-3FEB8D28BC34}.Release|Any CPU.Build.0 = Release|Any CPU
		{D105D544-3E51-4189-AC3C-67F56D31A98A}.Debug|Any CPU.ActiveCfg = Debug|Any CPU
		{D105D544-3E51-4189-AC3C-67F56D31A98A}.Debug|Any CPU.Build.0 = Debug|Any CPU
		{D105D544-3E51-4189-AC3C-67F56D31A98A}.Release|Any CPU.ActiveCfg = Release|Any CPU
		{D105D544-3E51-4189-AC3C-67F56D31A98A}.Release|Any CPU.Build.0 = Release|Any CPU
		{9ACCFD31-3484-47A4-AAC2-70832BC7B7F0}.Debug|Any CPU.ActiveCfg = Debug|Any CPU
		{9ACCFD31-3484-47A4-AAC2-70832BC7B7F0}.Debug|Any CPU.Build.0 = Debug|Any CPU
		{9ACCFD31-3484-47A4-AAC2-70832BC7B7F0}.Release|Any CPU.ActiveCfg = Release|Any CPU
		{9ACCFD31-3484-47A4-AAC2-70832BC7B7F0}.Release|Any CPU.Build.0 = Release|Any CPU
		{DC826EE8-8E77-4C72-9961-99B63846BE8F}.Debug|Any CPU.ActiveCfg = Debug|Any CPU
		{DC826EE8-8E77-4C72-9961-99B63846BE8F}.Debug|Any CPU.Build.0 = Debug|Any CPU
		{DC826EE8-8E77-4C72-9961-99B63846BE8F}.Release|Any CPU.ActiveCfg = Release|Any CPU
		{DC826EE8-8E77-4C72-9961-99B63846BE8F}.Release|Any CPU.Build.0 = Release|Any CPU
	EndGlobalSection
	GlobalSection(SolutionProperties) = preSolution
		HideSolutionNode = FALSE
	EndGlobalSection
	GlobalSection(NestedProjects) = preSolution
		{97BE3DA5-5A60-4D56-BE9E-115A34F65618} = {5DD264C1-CDCD-4C43-9343-15F98363D1D3}
		{C8B4880D-F75A-4DEF-B49D-3FEB8D28BC34} = {995C48D0-45A9-4305-8863-0D9F84E72D74}
		{D105D544-3E51-4189-AC3C-67F56D31A98A} = {FDF2F1A6-A235-4E96-B12E-AF82F011F0E4}
		{9ACCFD31-3484-47A4-AAC2-70832BC7B7F0} = {C5D8EA9C-7305-474B-8BA8-7E5C290F84BF}
		{DC826EE8-8E77-4C72-9961-99B63846BE8F} = {E7DECFCE-B8D6-4D75-94B1-7AE1123511EE}
	EndGlobalSection
	GlobalSection(ExtensibilityGlobals) = postSolution
		SolutionGuid = {C0A8DC34-5B1A-4D3C-9F7B-33D7F4696387}
	EndGlobalSection
EndGlobal
